
Microsoft Visual Studio Solution File, Format Version 12.00
# Visual Studio Version 16
VisualStudioVersion = 16.0.31410.357
MinimumVisualStudioVersion = 10.0.40219.1
Project("{FAE04EC0-301F-11D3-BF4B-00C04F79EFBC}") = "SnakeAndLadderComputation", "SnakeAndLadderComputation\SnakeAndLadderComputation.csproj", "{062D3463-3021-49A0-9FA8-0B66A79BE441}"
EndProject
Global
	GlobalSection(SolutionConfigurationPlatforms) = preSolution
		Debug|Any CPU = Debug|Any CPU
		Release|Any CPU = Release|Any CPU
	EndGlobalSection
	GlobalSection(ProjectConfigurationPlatforms) = postSolution
		{062D3463-3021-49A0-9FA8-0B66A79BE441}.Debug|Any CPU.ActiveCfg = Debug|Any CPU
		{062D3463-3021-49A0-9FA8-0B66A79BE441}.Debug|Any CPU.Build.0 = Debug|Any CPU
		{062D3463-3021-49A0-9FA8-0B66A79BE441}.Release|Any CPU.ActiveCfg = Release|Any CPU
		{062D3463-3021-49A0-9FA8-0B66A79BE441}.Release|Any CPU.Build.0 = Release|Any CPU
	EndGlobalSection
	GlobalSection(SolutionProperties) = preSolution
		HideSolutionNode = FALSE
	EndGlobalSection
	GlobalSection(ExtensibilityGlobals) = postSolution
		SolutionGuid = {CFE0D0A3-E849-48C3-9654-4B388C546E76}
	EndGlobalSection
EndGlobal
